
Microsoft Visual Studio Solution File, Format Version 12.00
# Visual Studio 2013
VisualStudioVersion = 12.0.30723.0
MinimumVisualStudioVersion = 10.0.40219.1
Project("{FAE04EC0-301F-11D3-BF4B-00C04F79EFBC}") = "NoNameGame", "NoNameGame\NoNameGame.csproj", "{2E6A8580-1A0A-40A8-8EBA-23A7FD5FAC9D}"
EndProject
Project("{FAE04EC0-301F-11D3-BF4B-00C04F79EFBC}") = "GameLogic", "GameLogic\GameLogic.csproj", "{C29E69AB-97A1-4166-9533-1B1CD8D97769}"
EndProject
Project("{FAE04EC0-301F-11D3-BF4B-00C04F79EFBC}") = "AnimationLib", "AnimationLib\AnimationLib.csproj", "{1C3C4B0B-EFB9-4361-BE85-857DD3C8E3A0}"
EndProject
Project("{FAE04EC0-301F-11D3-BF4B-00C04F79EFBC}") = "Infrastructure", "Infrastructure\Infrastructure.csproj", "{FEF000BB-5D08-474F-A95F-3A6D71195A03}"
EndProject
Project("{FAE04EC0-301F-11D3-BF4B-00C04F79EFBC}") = "LevelGenerator", "LevelGenerator\LevelGenerator.csproj", "{8DCB74C4-657A-4690-AA8A-C9B665EAE701}"
EndProject
Project("{FAE04EC0-301F-11D3-BF4B-00C04F79EFBC}") = "LevelEditor", "LevelViewer\LevelEditor.csproj", "{B5CD7BF0-975A-458D-A967-6DC2336DEAC7}"
EndProject
Project("{2150E333-8FDC-42A3-9474-1A3956D46DE8}") = "Solution Items", "Solution Items", "{983AED30-068B-48BF-BDE1-2D58C594619E}"
EndProject
Project("{2150E333-8FDC-42A3-9474-1A3956D46DE8}") = "BackEnd", "BackEnd", "{C348715D-027C-4BDA-962D-32A1649BB3C4}"
EndProject
Project("{FAE04EC0-301F-11D3-BF4B-00C04F79EFBC}") = "LevelsDataBase", "LevelsDataBase\LevelsDataBase.csproj", "{DCA86BDF-7F08-42BE-AA5B-DF01308C0073}"
EndProject
Project("{FAE04EC0-301F-11D3-BF4B-00C04F79EFBC}") = "Common", "Common\Common.csproj", "{074852D3-1011-40A8-A4CA-3BDCA893754C}"
EndProject
Project("{FAE04EC0-301F-11D3-BF4B-00C04F79EFBC}") = "MockIAPLib", "MockIAPLib\MockIAPLib.csproj", "{015E3DFE-EB56-429F-95EF-BAB5D41B23BE}"
EndProject
Project("{FAE04EC0-301F-11D3-BF4B-00C04F79EFBC}") = "InvertItService", "InvertItService\InvertItService.csproj", "{209FA716-A7AD-4095-BD70-C8710FC66FA7}"
EndProject
Project("{FAE04EC0-301F-11D3-BF4B-00C04F79EFBC}") = "ServiceDTOs", "ServiceDTOs\ServiceDTOs.csproj", "{85CD81B2-0CB8-411C-8A46-D08414E4082B}"
EndProject
Global
	GlobalSection(SolutionConfigurationPlatforms) = preSolution
		Debug|Any CPU = Debug|Any CPU
		Debug|ARM = Debug|ARM
		Debug|Mixed Platforms = Debug|Mixed Platforms
		Debug|x86 = Debug|x86
		Release|Any CPU = Release|Any CPU
		Release|ARM = Release|ARM
		Release|Mixed Platforms = Release|Mixed Platforms
		Release|x86 = Release|x86
	EndGlobalSection
	GlobalSection(ProjectConfigurationPlatforms) = postSolution
		{2E6A8580-1A0A-40A8-8EBA-23A7FD5FAC9D}.Debug|Any CPU.ActiveCfg = Debug|Any CPU
		{2E6A8580-1A0A-40A8-8EBA-23A7FD5FAC9D}.Debug|Any CPU.Build.0 = Debug|Any CPU
		{2E6A8580-1A0A-40A8-8EBA-23A7FD5FAC9D}.Debug|Any CPU.Deploy.0 = Debug|Any CPU
		{2E6A8580-1A0A-40A8-8EBA-23A7FD5FAC9D}.Debug|ARM.ActiveCfg = Debug|ARM
		{2E6A8580-1A0A-40A8-8EBA-23A7FD5FAC9D}.Debug|ARM.Build.0 = Debug|ARM
		{2E6A8580-1A0A-40A8-8EBA-23A7FD5FAC9D}.Debug|ARM.Deploy.0 = Debug|ARM
		{2E6A8580-1A0A-40A8-8EBA-23A7FD5FAC9D}.Debug|Mixed Platforms.ActiveCfg = Debug|x86
		{2E6A8580-1A0A-40A8-8EBA-23A7FD5FAC9D}.Debug|Mixed Platforms.Build.0 = Debug|x86
		{2E6A8580-1A0A-40A8-8EBA-23A7FD5FAC9D}.Debug|Mixed Platforms.Deploy.0 = Debug|x86
		{2E6A8580-1A0A-40A8-8EBA-23A7FD5FAC9D}.Debug|x86.ActiveCfg = Debug|x86
		{2E6A8580-1A0A-40A8-8EBA-23A7FD5FAC9D}.Debug|x86.Build.0 = Debug|x86
		{2E6A8580-1A0A-40A8-8EBA-23A7FD5FAC9D}.Debug|x86.Deploy.0 = Debug|x86
		{2E6A8580-1A0A-40A8-8EBA-23A7FD5FAC9D}.Release|Any CPU.ActiveCfg = Release|Any CPU
		{2E6A8580-1A0A-40A8-8EBA-23A7FD5FAC9D}.Release|Any CPU.Build.0 = Release|Any CPU
		{2E6A8580-1A0A-40A8-8EBA-23A7FD5FAC9D}.Release|Any CPU.Deploy.0 = Release|Any CPU
		{2E6A8580-1A0A-40A8-8EBA-23A7FD5FAC9D}.Release|ARM.ActiveCfg = Release|ARM
		{2E6A8580-1A0A-40A8-8EBA-23A7FD5FAC9D}.Release|ARM.Build.0 = Release|ARM
		{2E6A8580-1A0A-40A8-8EBA-23A7FD5FAC9D}.Release|ARM.Deploy.0 = Release|ARM
		{2E6A8580-1A0A-40A8-8EBA-23A7FD5FAC9D}.Release|Mixed Platforms.ActiveCfg = Release|x86
		{2E6A8580-1A0A-40A8-8EBA-23A7FD5FAC9D}.Release|Mixed Platforms.Build.0 = Release|x86
		{2E6A8580-1A0A-40A8-8EBA-23A7FD5FAC9D}.Release|Mixed Platforms.Deploy.0 = Release|x86
		{2E6A8580-1A0A-40A8-8EBA-23A7FD5FAC9D}.Release|x86.ActiveCfg = Release|x86
		{2E6A8580-1A0A-40A8-8EBA-23A7FD5FAC9D}.Release|x86.Build.0 = Release|x86
		{2E6A8580-1A0A-40A8-8EBA-23A7FD5FAC9D}.Release|x86.Deploy.0 = Release|x86
		{C29E69AB-97A1-4166-9533-1B1CD8D97769}.Debug|Any CPU.ActiveCfg = Debug|Any CPU
		{C29E69AB-97A1-4166-9533-1B1CD8D97769}.Debug|Any CPU.Build.0 = Debug|Any CPU
		{C29E69AB-97A1-4166-9533-1B1CD8D97769}.Debug|ARM.ActiveCfg = Debug|ARM
		{C29E69AB-97A1-4166-9533-1B1CD8D97769}.Debug|ARM.Build.0 = Debug|ARM
		{C29E69AB-97A1-4166-9533-1B1CD8D97769}.Debug|Mixed Platforms.ActiveCfg = Debug|x86
		{C29E69AB-97A1-4166-9533-1B1CD8D97769}.Debug|Mixed Platforms.Build.0 = Debug|x86
		{C29E69AB-97A1-4166-9533-1B1CD8D97769}.Debug|x86.ActiveCfg = Debug|x86
		{C29E69AB-97A1-4166-9533-1B1CD8D97769}.Debug|x86.Build.0 = Debug|x86
		{C29E69AB-97A1-4166-9533-1B1CD8D97769}.Release|Any CPU.ActiveCfg = Release|Any CPU
		{C29E69AB-97A1-4166-9533-1B1CD8D97769}.Release|Any CPU.Build.0 = Release|Any CPU
		{C29E69AB-97A1-4166-9533-1B1CD8D97769}.Release|ARM.ActiveCfg = Release|ARM
		{C29E69AB-97A1-4166-9533-1B1CD8D97769}.Release|ARM.Build.0 = Release|ARM
		{C29E69AB-97A1-4166-9533-1B1CD8D97769}.Release|Mixed Platforms.ActiveCfg = Release|x86
		{C29E69AB-97A1-4166-9533-1B1CD8D97769}.Release|Mixed Platforms.Build.0 = Release|x86
		{C29E69AB-97A1-4166-9533-1B1CD8D97769}.Release|x86.ActiveCfg = Release|x86
		{C29E69AB-97A1-4166-9533-1B1CD8D97769}.Release|x86.Build.0 = Release|x86
		{1C3C4B0B-EFB9-4361-BE85-857DD3C8E3A0}.Debug|Any CPU.ActiveCfg = Debug|Any CPU
		{1C3C4B0B-EFB9-4361-BE85-857DD3C8E3A0}.Debug|Any CPU.Build.0 = Debug|Any CPU
		{1C3C4B0B-EFB9-4361-BE85-857DD3C8E3A0}.Debug|ARM.ActiveCfg = Debug|ARM
		{1C3C4B0B-EFB9-4361-BE85-857DD3C8E3A0}.Debug|ARM.Build.0 = Debug|ARM
		{1C3C4B0B-EFB9-4361-BE85-857DD3C8E3A0}.Debug|Mixed Platforms.ActiveCfg = Debug|x86
		{1C3C4B0B-EFB9-4361-BE85-857DD3C8E3A0}.Debug|Mixed Platforms.Build.0 = Debug|x86
		{1C3C4B0B-EFB9-4361-BE85-857DD3C8E3A0}.Debug|x86.ActiveCfg = Debug|x86
		{1C3C4B0B-EFB9-4361-BE85-857DD3C8E3A0}.Debug|x86.Build.0 = Debug|x86
		{1C3C4B0B-EFB9-4361-BE85-857DD3C8E3A0}.Release|Any CPU.ActiveCfg = Release|Any CPU
		{1C3C4B0B-EFB9-4361-BE85-857DD3C8E3A0}.Release|Any CPU.Build.0 = Release|Any CPU
		{1C3C4B0B-EFB9-4361-BE85-857DD3C8E3A0}.Release|ARM.ActiveCfg = Release|ARM
		{1C3C4B0B-EFB9-4361-BE85-857DD3C8E3A0}.Release|ARM.Build.0 = Release|ARM
		{1C3C4B0B-EFB9-4361-BE85-857DD3C8E3A0}.Release|Mixed Platforms.ActiveCfg = Release|x86
		{1C3C4B0B-EFB9-4361-BE85-857DD3C8E3A0}.Release|Mixed Platforms.Build.0 = Release|x86
		{1C3C4B0B-EFB9-4361-BE85-857DD3C8E3A0}.Release|x86.ActiveCfg = Release|x86
		{1C3C4B0B-EFB9-4361-BE85-857DD3C8E3A0}.Release|x86.Build.0 = Release|x86
		{FEF000BB-5D08-474F-A95F-3A6D71195A03}.Debug|Any CPU.ActiveCfg = Debug|Any CPU
		{FEF000BB-5D08-474F-A95F-3A6D71195A03}.Debug|Any CPU.Build.0 = Debug|Any CPU
		{FEF000BB-5D08-474F-A95F-3A6D71195A03}.Debug|ARM.ActiveCfg = Debug|ARM
		{FEF000BB-5D08-474F-A95F-3A6D71195A03}.Debug|ARM.Build.0 = Debug|ARM
		{FEF000BB-5D08-474F-A95F-3A6D71195A03}.Debug|Mixed Platforms.ActiveCfg = Debug|x86
		{FEF000BB-5D08-474F-A95F-3A6D71195A03}.Debug|Mixed Platforms.Build.0 = Debug|x86
		{FEF000BB-5D08-474F-A95F-3A6D71195A03}.Debug|x86.ActiveCfg = Debug|x86
		{FEF000BB-5D08-474F-A95F-3A6D71195A03}.Debug|x86.Build.0 = Debug|x86
		{FEF000BB-5D08-474F-A95F-3A6D71195A03}.Debug|x86.Deploy.0 = Debug|x86
		{FEF000BB-5D08-474F-A95F-3A6D71195A03}.Release|Any CPU.ActiveCfg = Release|Any CPU
		{FEF000BB-5D08-474F-A95F-3A6D71195A03}.Release|Any CPU.Build.0 = Release|Any CPU
		{FEF000BB-5D08-474F-A95F-3A6D71195A03}.Release|ARM.ActiveCfg = Release|ARM
		{FEF000BB-5D08-474F-A95F-3A6D71195A03}.Release|ARM.Build.0 = Release|ARM
		{FEF000BB-5D08-474F-A95F-3A6D71195A03}.Release|Mixed Platforms.ActiveCfg = Release|x86
		{FEF000BB-5D08-474F-A95F-3A6D71195A03}.Release|Mixed Platforms.Build.0 = Release|x86
		{FEF000BB-5D08-474F-A95F-3A6D71195A03}.Release|x86.ActiveCfg = Release|x86
		{FEF000BB-5D08-474F-A95F-3A6D71195A03}.Release|x86.Build.0 = Release|x86
		{8DCB74C4-657A-4690-AA8A-C9B665EAE701}.Debug|Any CPU.ActiveCfg = Debug|Any CPU
		{8DCB74C4-657A-4690-AA8A-C9B665EAE701}.Debug|Any CPU.Build.0 = Debug|Any CPU
		{8DCB74C4-657A-4690-AA8A-C9B665EAE701}.Debug|ARM.ActiveCfg = Debug|Any CPU
		{8DCB74C4-657A-4690-AA8A-C9B665EAE701}.Debug|Mixed Platforms.ActiveCfg = Debug|Any CPU
		{8DCB74C4-657A-4690-AA8A-C9B665EAE701}.Debug|Mixed Platforms.Build.0 = Debug|Any CPU
		{8DCB74C4-657A-4690-AA8A-C9B665EAE701}.Debug|x86.ActiveCfg = Debug|Any CPU
		{8DCB74C4-657A-4690-AA8A-C9B665EAE701}.Debug|x86.Build.0 = Debug|Any CPU
		{8DCB74C4-657A-4690-AA8A-C9B665EAE701}.Release|Any CPU.ActiveCfg = Release|Any CPU
		{8DCB74C4-657A-4690-AA8A-C9B665EAE701}.Release|Any CPU.Build.0 = Release|Any CPU
		{8DCB74C4-657A-4690-AA8A-C9B665EAE701}.Release|ARM.ActiveCfg = Release|Any CPU
		{8DCB74C4-657A-4690-AA8A-C9B665EAE701}.Release|Mixed Platforms.ActiveCfg = Release|Any CPU
		{8DCB74C4-657A-4690-AA8A-C9B665EAE701}.Release|Mixed Platforms.Build.0 = Release|Any CPU
		{8DCB74C4-657A-4690-AA8A-C9B665EAE701}.Release|x86.ActiveCfg = Release|Any CPU
		{8DCB74C4-657A-4690-AA8A-C9B665EAE701}.Release|x86.Build.0 = Release|Any CPU
		{B5CD7BF0-975A-458D-A967-6DC2336DEAC7}.Debug|Any CPU.ActiveCfg = Debug|Any CPU
		{B5CD7BF0-975A-458D-A967-6DC2336DEAC7}.Debug|Any CPU.Build.0 = Debug|Any CPU
		{B5CD7BF0-975A-458D-A967-6DC2336DEAC7}.Debug|ARM.ActiveCfg = Debug|Any CPU
		{B5CD7BF0-975A-458D-A967-6DC2336DEAC7}.Debug|Mixed Platforms.ActiveCfg = Debug|Any CPU
		{B5CD7BF0-975A-458D-A967-6DC2336DEAC7}.Debug|Mixed Platforms.Build.0 = Debug|Any CPU
		{B5CD7BF0-975A-458D-A967-6DC2336DEAC7}.Debug|x86.ActiveCfg = Debug|Any CPU
		{B5CD7BF0-975A-458D-A967-6DC2336DEAC7}.Debug|x86.Build.0 = Debug|Any CPU
		{B5CD7BF0-975A-458D-A967-6DC2336DEAC7}.Release|Any CPU.ActiveCfg = Release|Any CPU
		{B5CD7BF0-975A-458D-A967-6DC2336DEAC7}.Release|Any CPU.Build.0 = Release|Any CPU
		{B5CD7BF0-975A-458D-A967-6DC2336DEAC7}.Release|ARM.ActiveCfg = Release|Any CPU
		{B5CD7BF0-975A-458D-A967-6DC2336DEAC7}.Release|Mixed Platforms.ActiveCfg = Release|Any CPU
		{B5CD7BF0-975A-458D-A967-6DC2336DEAC7}.Release|Mixed Platforms.Build.0 = Release|Any CPU
		{B5CD7BF0-975A-458D-A967-6DC2336DEAC7}.Release|x86.ActiveCfg = Release|Any CPU
		{DCA86BDF-7F08-42BE-AA5B-DF01308C0073}.Debug|Any CPU.ActiveCfg = Debug|Any CPU
		{DCA86BDF-7F08-42BE-AA5B-DF01308C0073}.Debug|Any CPU.Build.0 = Debug|Any CPU
		{DCA86BDF-7F08-42BE-AA5B-DF01308C0073}.Debug|ARM.ActiveCfg = Debug|Any CPU
		{DCA86BDF-7F08-42BE-AA5B-DF01308C0073}.Debug|Mixed Platforms.ActiveCfg = Debug|Any CPU
		{DCA86BDF-7F08-42BE-AA5B-DF01308C0073}.Debug|Mixed Platforms.Build.0 = Debug|Any CPU
		{DCA86BDF-7F08-42BE-AA5B-DF01308C0073}.Debug|x86.ActiveCfg = Debug|Any CPU
		{DCA86BDF-7F08-42BE-AA5B-DF01308C0073}.Release|Any CPU.ActiveCfg = Release|Any CPU
		{DCA86BDF-7F08-42BE-AA5B-DF01308C0073}.Release|Any CPU.Build.0 = Release|Any CPU
		{DCA86BDF-7F08-42BE-AA5B-DF01308C0073}.Release|ARM.ActiveCfg = Release|Any CPU
		{DCA86BDF-7F08-42BE-AA5B-DF01308C0073}.Release|Mixed Platforms.ActiveCfg = Release|Any CPU
		{DCA86BDF-7F08-42BE-AA5B-DF01308C0073}.Release|Mixed Platforms.Build.0 = Release|Any CPU
		{DCA86BDF-7F08-42BE-AA5B-DF01308C0073}.Release|x86.ActiveCfg = Release|Any CPU
		{074852D3-1011-40A8-A4CA-3BDCA893754C}.Debug|Any CPU.ActiveCfg = Debug|Any CPU
		{074852D3-1011-40A8-A4CA-3BDCA893754C}.Debug|Any CPU.Build.0 = Debug|Any CPU
		{074852D3-1011-40A8-A4CA-3BDCA893754C}.Debug|ARM.ActiveCfg = Debug|Any CPU
		{074852D3-1011-40A8-A4CA-3BDCA893754C}.Debug|Mixed Platforms.ActiveCfg = Debug|Any CPU
		{074852D3-1011-40A8-A4CA-3BDCA893754C}.Debug|Mixed Platforms.Build.0 = Debug|Any CPU
		{074852D3-1011-40A8-A4CA-3BDCA893754C}.Debug|x86.ActiveCfg = Debug|Any CPU
		{074852D3-1011-40A8-A4CA-3BDCA893754C}.Release|Any CPU.ActiveCfg = Release|Any CPU
		{074852D3-1011-40A8-A4CA-3BDCA893754C}.Release|Any CPU.Build.0 = Release|Any CPU
		{074852D3-1011-40A8-A4CA-3BDCA893754C}.Release|ARM.ActiveCfg = Release|Any CPU
		{074852D3-1011-40A8-A4CA-3BDCA893754C}.Release|Mixed Platforms.ActiveCfg = Release|Any CPU
		{074852D3-1011-40A8-A4CA-3BDCA893754C}.Release|Mixed Platforms.Build.0 = Release|Any CPU
		{074852D3-1011-40A8-A4CA-3BDCA893754C}.Release|x86.ActiveCfg = Release|Any CPU
		{015E3DFE-EB56-429F-95EF-BAB5D41B23BE}.Debug|Any CPU.ActiveCfg = Debug|Any CPU
		{015E3DFE-EB56-429F-95EF-BAB5D41B23BE}.Debug|Any CPU.Build.0 = Debug|Any CPU
		{015E3DFE-EB56-429F-95EF-BAB5D41B23BE}.Debug|ARM.ActiveCfg = Debug|ARM
		{015E3DFE-EB56-429F-95EF-BAB5D41B23BE}.Debug|ARM.Build.0 = Debug|ARM
		{015E3DFE-EB56-429F-95EF-BAB5D41B23BE}.Debug|Mixed Platforms.ActiveCfg = Debug|x86
		{015E3DFE-EB56-429F-95EF-BAB5D41B23BE}.Debug|Mixed Platforms.Build.0 = Debug|x86
		{015E3DFE-EB56-429F-95EF-BAB5D41B23BE}.Debug|x86.ActiveCfg = Debug|x86
		{015E3DFE-EB56-429F-95EF-BAB5D41B23BE}.Debug|x86.Build.0 = Debug|x86
		{015E3DFE-EB56-429F-95EF-BAB5D41B23BE}.Release|Any CPU.ActiveCfg = Release|Any CPU
		{015E3DFE-EB56-429F-95EF-BAB5D41B23BE}.Release|Any CPU.Build.0 = Release|Any CPU
		{015E3DFE-EB56-429F-95EF-BAB5D41B23BE}.Release|ARM.ActiveCfg = Release|ARM
		{015E3DFE-EB56-429F-95EF-BAB5D41B23BE}.Release|ARM.Build.0 = Release|ARM
		{015E3DFE-EB56-429F-95EF-BAB5D41B23BE}.Release|Mixed Platforms.ActiveCfg = Release|x86
		{015E3DFE-EB56-429F-95EF-BAB5D41B23BE}.Release|Mixed Platforms.Build.0 = Release|x86
		{015E3DFE-EB56-429F-95EF-BAB5D41B23BE}.Release|x86.ActiveCfg = Release|x86
		{015E3DFE-EB56-429F-95EF-BAB5D41B23BE}.Release|x86.Build.0 = Release|x86
		{209FA716-A7AD-4095-BD70-C8710FC66FA7}.Debug|Any CPU.ActiveCfg = Debug|Any CPU
		{209FA716-A7AD-4095-BD70-C8710FC66FA7}.Debug|Any CPU.Build.0 = Debug|Any CPU
		{209FA716-A7AD-4095-BD70-C8710FC66FA7}.Debug|ARM.ActiveCfg = Debug|Any CPU
		{209FA716-A7AD-4095-BD70-C8710FC66FA7}.Debug|Mixed Platforms.ActiveCfg = Debug|Any CPU
		{209FA716-A7AD-4095-BD70-C8710FC66FA7}.Debug|Mixed Platforms.Build.0 = Debug|Any CPU
		{209FA716-A7AD-4095-BD70-C8710FC66FA7}.Debug|x86.ActiveCfg = Debug|Any CPU
		{209FA716-A7AD-4095-BD70-C8710FC66FA7}.Release|Any CPU.ActiveCfg = Release|Any CPU
		{209FA716-A7AD-4095-BD70-C8710FC66FA7}.Release|Any CPU.Build.0 = Release|Any CPU
		{209FA716-A7AD-4095-BD70-C8710FC66FA7}.Release|ARM.ActiveCfg = Release|Any CPU
		{209FA716-A7AD-4095-BD70-C8710FC66FA7}.Release|Mixed Platforms.ActiveCfg = Release|Any CPU
		{209FA716-A7AD-4095-BD70-C8710FC66FA7}.Release|Mixed Platforms.Build.0 = Release|Any CPU
		{209FA716-A7AD-4095-BD70-C8710FC66FA7}.Release|x86.ActiveCfg = Release|Any CPU
		{85CD81B2-0CB8-411C-8A46-D08414E4082B}.Debug|Any CPU.ActiveCfg = Debug|Any CPU
		{85CD81B2-0CB8-411C-8A46-D08414E4082B}.Debug|Any CPU.Build.0 = Debug|Any CPU
		{85CD81B2-0CB8-411C-8A46-D08414E4082B}.Debug|ARM.ActiveCfg = Debug|Any CPU
		{85CD81B2-0CB8-411C-8A46-D08414E4082B}.Debug|Mixed Platforms.ActiveCfg = Debug|Any CPU
		{85CD81B2-0CB8-411C-8A46-D08414E4082B}.Debug|Mixed Platforms.Build.0 = Debug|Any CPU
		{85CD81B2-0CB8-411C-8A46-D08414E4082B}.Debug|x86.ActiveCfg = Debug|Any CPU
		{85CD81B2-0CB8-411C-8A46-D08414E4082B}.Release|Any CPU.ActiveCfg = Release|Any CPU
		{85CD81B2-0CB8-411C-8A46-D08414E4082B}.Release|Any CPU.Build.0 = Release|Any CPU
		{85CD81B2-0CB8-411C-8A46-D08414E4082B}.Release|ARM.ActiveCfg = Release|Any CPU
		{85CD81B2-0CB8-411C-8A46-D08414E4082B}.Release|Mixed Platforms.ActiveCfg = Release|Any CPU
		{85CD81B2-0CB8-411C-8A46-D08414E4082B}.Release|Mixed Platforms.Build.0 = Release|Any CPU
		{85CD81B2-0CB8-411C-8A46-D08414E4082B}.Release|x86.ActiveCfg = Release|Any CPU
	EndGlobalSection
	GlobalSection(SolutionProperties) = preSolution
		HideSolutionNode = FALSE
	EndGlobalSection
	GlobalSection(NestedProjects) = preSolution
		{8DCB74C4-657A-4690-AA8A-C9B665EAE701} = {C348715D-027C-4BDA-962D-32A1649BB3C4}
		{B5CD7BF0-975A-458D-A967-6DC2336DEAC7} = {C348715D-027C-4BDA-962D-32A1649BB3C4}
		{DCA86BDF-7F08-42BE-AA5B-DF01308C0073} = {C348715D-027C-4BDA-962D-32A1649BB3C4}
		{209FA716-A7AD-4095-BD70-C8710FC66FA7} = {C348715D-027C-4BDA-962D-32A1649BB3C4}
		{85CD81B2-0CB8-411C-8A46-D08414E4082B} = {C348715D-027C-4BDA-962D-32A1649BB3C4}
	EndGlobalSection
EndGlobal
